
Microsoft Visual Studio Solution File, Format Version 12.00
# Visual Studio Version 17
VisualStudioVersion = 17.4.33110.190
MinimumVisualStudioVersion = 10.0.40219.1
Project("{888888A0-9F3D-457C-B088-3A5042F75D52}") = "FlaskWebProjectF-KT-INF495", "FlaskWebProjectF-KT-INF495\FlaskWebProjectF-KT-INF495.pyproj", "{930F90AF-281E-4C1C-B326-5B6EE55DE38E}"
EndProject
Global
	GlobalSection(SolutionConfigurationPlatforms) = preSolution
		Debug|Any CPU = Debug|Any CPU
		Release|Any CPU = Release|Any CPU
	EndGlobalSection
	GlobalSection(ProjectConfigurationPlatforms) = postSolution
		{930F90AF-281E-4C1C-B326-5B6EE55DE38E}.Debug|Any CPU.ActiveCfg = Debug|Any CPU
		{930F90AF-281E-4C1C-B326-5B6EE55DE38E}.Debug|Any CPU.Build.0 = Debug|Any CPU
		{930F90AF-281E-4C1C-B326-5B6EE55DE38E}.Release|Any CPU.ActiveCfg = Release|Any CPU
		{930F90AF-281E-4C1C-B326-5B6EE55DE38E}.Release|Any CPU.Build.0 = Release|Any CPU
	EndGlobalSection
	GlobalSection(SolutionProperties) = preSolution
		HideSolutionNode = FALSE
	EndGlobalSection
	GlobalSection(ExtensibilityGlobals) = postSolution
		SolutionGuid = {0D73590F-33FE-4380-A6CB-01D95E52C757}
	EndGlobalSection
EndGlobal
